
Microsoft Visual Studio Solution File, Format Version 12.00
# Visual Studio 15
Project("{FAE04EC0-301F-11D3-BF4B-00C04F79EFBC}") = "Assembly-CSharp", "Assembly-CSharp.csproj", "{077DEF46-061E-6967-9F86-FC7D841618BB}"
EndProject
Project("{FAE04EC0-301F-11D3-BF4B-00C04F79EFBC}") = "Assembly-CSharp-Editor", "Assembly-CSharp-Editor.csproj", "{C7C77100-3E58-F772-F358-26B04AC1672B}"
EndProject
Global
	GlobalSection(SolutionConfigurationPlatforms) = preSolution
		Debug|Any CPU = Debug|Any CPU
		Release|Any CPU = Release|Any CPU
	EndGlobalSection
	GlobalSection(ProjectConfigurationPlatforms) = postSolution
		{077DEF46-061E-6967-9F86-FC7D841618BB}.Debug|Any CPU.ActiveCfg = Debug|Any CPU
		{077DEF46-061E-6967-9F86-FC7D841618BB}.Debug|Any CPU.Build.0 = Debug|Any CPU
		{077DEF46-061E-6967-9F86-FC7D841618BB}.Release|Any CPU.ActiveCfg = Release|Any CPU
		{077DEF46-061E-6967-9F86-FC7D841618BB}.Release|Any CPU.Build.0 = Release|Any CPU
		{C7C77100-3E58-F772-F358-26B04AC1672B}.Debug|Any CPU.ActiveCfg = Debug|Any CPU
		{C7C77100-3E58-F772-F358-26B04AC1672B}.Debug|Any CPU.Build.0 = Debug|Any CPU
		{C7C77100-3E58-F772-F358-26B04AC1672B}.Release|Any CPU.ActiveCfg = Release|Any CPU
		{C7C77100-3E58-F772-F358-26B04AC1672B}.Release|Any CPU.Build.0 = Release|Any CPU
	EndGlobalSection
	GlobalSection(SolutionProperties) = preSolution
		HideSolutionNode = FALSE
	EndGlobalSection
EndGlobal
